
Microsoft Visual Studio Solution File, Format Version 12.00
# Visual Studio Version 17
VisualStudioVersion = 17.3.32929.385
MinimumVisualStudioVersion = 10.0.40219.1
Project("{8BC9CEB8-8B4A-11D0-8D11-00A0C91BC942}") = "Tugas_Akhir_Alpro", "Tugas_Akhir_Alpro\Tugas_Akhir_Alpro.vcxproj", "{F937A867-F29A-4750-834A-01E564C00A13}"
EndProject
Global
	GlobalSection(SolutionConfigurationPlatforms) = preSolution
		Debug|x64 = Debug|x64
		Debug|x86 = Debug|x86
		Release|x64 = Release|x64
		Release|x86 = Release|x86
	EndGlobalSection
	GlobalSection(ProjectConfigurationPlatforms) = postSolution
		{F937A867-F29A-4750-834A-01E564C00A13}.Debug|x64.ActiveCfg = Debug|x64
		{F937A867-F29A-4750-834A-01E564C00A13}.Debug|x64.Build.0 = Debug|x64
		{F937A867-F29A-4750-834A-01E564C00A13}.Debug|x86.ActiveCfg = Debug|Win32
		{F937A867-F29A-4750-834A-01E564C00A13}.Debug|x86.Build.0 = Debug|Win32
		{F937A867-F29A-4750-834A-01E564C00A13}.Release|x64.ActiveCfg = Release|x64
		{F937A867-F29A-4750-834A-01E564C00A13}.Release|x64.Build.0 = Release|x64
		{F937A867-F29A-4750-834A-01E564C00A13}.Release|x86.ActiveCfg = Release|Win32
		{F937A867-F29A-4750-834A-01E564C00A13}.Release|x86.Build.0 = Release|Win32
	EndGlobalSection
	GlobalSection(SolutionProperties) = preSolution
		HideSolutionNode = FALSE
	EndGlobalSection
	GlobalSection(ExtensibilityGlobals) = postSolution
		SolutionGuid = {BCEBA6AF-B32C-458A-AE0B-7CE2FE0DD583}
	EndGlobalSection
EndGlobal
